
Microsoft Visual Studio Solution File, Format Version 12.00
# Visual Studio Version 17
VisualStudioVersion = 17.4.33213.308
MinimumVisualStudioVersion = 10.0.40219.1
Project("{FAE04EC0-301F-11D3-BF4B-00C04F79EFBC}") = "dacama", "dacama\dacama.csproj", "{684E200E-D765-46B0-94AB-297830BC866A}"
EndProject
Global
	GlobalSection(SolutionConfigurationPlatforms) = preSolution
		Debug|Any CPU = Debug|Any CPU
		Release|Any CPU = Release|Any CPU
	EndGlobalSection
	GlobalSection(ProjectConfigurationPlatforms) = postSolution
		{684E200E-D765-46B0-94AB-297830BC866A}.Debug|Any CPU.ActiveCfg = Debug|Any CPU
		{684E200E-D765-46B0-94AB-297830BC866A}.Debug|Any CPU.Build.0 = Debug|Any CPU
		{684E200E-D765-46B0-94AB-297830BC866A}.Release|Any CPU.ActiveCfg = Release|Any CPU
		{684E200E-D765-46B0-94AB-297830BC866A}.Release|Any CPU.Build.0 = Release|Any CPU
	EndGlobalSection
	GlobalSection(SolutionProperties) = preSolution
		HideSolutionNode = FALSE
	EndGlobalSection
	GlobalSection(ExtensibilityGlobals) = postSolution
		SolutionGuid = {FD82C548-975B-4FE9-B02E-2135782A6928}
	EndGlobalSection
EndGlobal
